// !$*UTF8*$!
{
	archiveVersion = 1;
	classes = {
	};
	objectVersion = 50;
	objects = {

/* Begin PBXBuildFile section */
		042E2CFF256868770069F9F1 /* SkillExchangeIOSApp.swift in Sources */ = {isa = PBXBuildFile; fileRef = 042E2CFE256868770069F9F1 /* SkillExchangeIOSApp.swift */; };
		042E2D01256868770069F9F1 /* ContentView.swift in Sources */ = {isa = PBXBuildFile; fileRef = 042E2D00256868770069F9F1 /* ContentView.swift */; };
		042E2D03256868770069F9F1 /* Assets.xcassets in Resources */ = {isa = PBXBuildFile; fileRef = 042E2D02256868770069F9F1 /* Assets.xcassets */; };
		042E2D06256868770069F9F1 /* Preview Assets.xcassets in Resources */ = {isa = PBXBuildFile; fileRef = 042E2D05256868770069F9F1 /* Preview Assets.xcassets */; };
		042E2D11256868780069F9F1 /* SkillExchangeIOSTests.swift in Sources */ = {isa = PBXBuildFile; fileRef = 042E2D10256868780069F9F1 /* SkillExchangeIOSTests.swift */; };
		042E2D1C256868780069F9F1 /* SkillExchangeIOSUITests.swift in Sources */ = {isa = PBXBuildFile; fileRef = 042E2D1B256868780069F9F1 /* SkillExchangeIOSUITests.swift */; };
		042E2D4A25686FFB0069F9F1 /* LoginView.swift in Sources */ = {isa = PBXBuildFile; fileRef = 042E2D4925686FFB0069F9F1 /* LoginView.swift */; };
		042E2DA02568815F0069F9F1 /* ViewUtility.swift in Sources */ = {isa = PBXBuildFile; fileRef = 042E2D9F2568815F0069F9F1 /* ViewUtility.swift */; };
/* End PBXBuildFile section */

/* Begin PBXContainerItemProxy section */
		042E2D0D256868780069F9F1 /* PBXContainerItemProxy */ = {
			isa = PBXContainerItemProxy;
			containerPortal = 042E2CF3256868770069F9F1 /* Project object */;
			proxyType = 1;
			remoteGlobalIDString = 042E2CFA256868770069F9F1;
			remoteInfo = SkillExchangeIOS;
		};
		042E2D18256868780069F9F1 /* PBXContainerItemProxy */ = {
			isa = PBXContainerItemProxy;
			containerPortal = 042E2CF3256868770069F9F1 /* Project object */;
			proxyType = 1;
			remoteGlobalIDString = 042E2CFA256868770069F9F1;
			remoteInfo = SkillExchangeIOS;
		};
/* End PBXContainerItemProxy section */

/* Begin PBXFileReference section */
		042E2CFB256868770069F9F1 /* SkillExchangeIOS.app */ = {isa = PBXFileReference; explicitFileType = wrapper.application; includeInIndex = 0; path = SkillExchangeIOS.app; sourceTree = BUILT_PRODUCTS_DIR; };
		042E2CFE256868770069F9F1 /* SkillExchangeIOSApp.swift */ = {isa = PBXFileReference; lastKnownFileType = sourcecode.swift; path = SkillExchangeIOSApp.swift; sourceTree = "<group>"; };
		042E2D00256868770069F9F1 /* ContentView.swift */ = {isa = PBXFileReference; lastKnownFileType = sourcecode.swift; path = ContentView.swift; sourceTree = "<group>"; };
		042E2D02256868770069F9F1 /* Assets.xcassets */ = {isa = PBXFileReference; lastKnownFileType = folder.assetcatalog; path = Assets.xcassets; sourceTree = "<group>"; };
		042E2D05256868770069F9F1 /* Preview Assets.xcassets */ = {isa = PBXFileReference; lastKnownFileType = folder.assetcatalog; path = "Preview Assets.xcassets"; sourceTree = "<group>"; };
		042E2D07256868770069F9F1 /* Info.plist */ = {isa = PBXFileReference; lastKnownFileType = text.plist.xml; path = Info.plist; sourceTree = "<group>"; };
		042E2D0C256868780069F9F1 /* SkillExchangeIOSTests.xctest */ = {isa = PBXFileReference; explicitFileType = wrapper.cfbundle; includeInIndex = 0; path = SkillExchangeIOSTests.xctest; sourceTree = BUILT_PRODUCTS_DIR; };
		042E2D10256868780069F9F1 /* SkillExchangeIOSTests.swift */ = {isa = PBXFileReference; lastKnownFileType = sourcecode.swift; path = SkillExchangeIOSTests.swift; sourceTree = "<group>"; };
		042E2D12256868780069F9F1 /* Info.plist */ = {isa = PBXFileReference; lastKnownFileType = text.plist.xml; path = Info.plist; sourceTree = "<group>"; };
		042E2D17256868780069F9F1 /* SkillExchangeIOSUITests.xctest */ = {isa = PBXFileReference; explicitFileType = wrapper.cfbundle; includeInIndex = 0; path = SkillExchangeIOSUITests.xctest; sourceTree = BUILT_PRODUCTS_DIR; };
		042E2D1B256868780069F9F1 /* SkillExchangeIOSUITests.swift */ = {isa = PBXFileReference; lastKnownFileType = sourcecode.swift; path = SkillExchangeIOSUITests.swift; sourceTree = "<group>"; };
		042E2D1D256868780069F9F1 /* Info.plist */ = {isa = PBXFileReference; lastKnownFileType = text.plist.xml; path = Info.plist; sourceTree = "<group>"; };
		042E2D4925686FFB0069F9F1 /* LoginView.swift */ = {isa = PBXFileReference; lastKnownFileType = sourcecode.swift; path = LoginView.swift; sourceTree = "<group>"; };
		042E2D9F2568815F0069F9F1 /* ViewUtility.swift */ = {isa = PBXFileReference; lastKnownFileType = sourcecode.swift; path = ViewUtility.swift; sourceTree = "<group>"; };
/* End PBXFileReference section */

/* Begin PBXFrameworksBuildPhase section */
		042E2CF8256868770069F9F1 /* Frameworks */ = {
			isa = PBXFrameworksBuildPhase;
			buildActionMask = 2147483647;
			files = (
			);
			runOnlyForDeploymentPostprocessing = 0;
		};
		042E2D09256868780069F9F1 /* Frameworks */ = {
			isa = PBXFrameworksBuildPhase;
			buildActionMask = 2147483647;
			files = (
			);
			runOnlyForDeploymentPostprocessing = 0;
		};
		042E2D14256868780069F9F1 /* Frameworks */ = {
			isa = PBXFrameworksBuildPhase;
			buildActionMask = 2147483647;
			files = (
			);
			runOnlyForDeploymentPostprocessing = 0;
		};
/* End PBXFrameworksBuildPhase section */

/* Begin PBXGroup section */
		042E2CF2256868770069F9F1 = {
			isa = PBXGroup;
			children = (
				042E2CFD256868770069F9F1 /* SkillExchangeIOS */,
				042E2D0F256868780069F9F1 /* SkillExchangeIOSTests */,
				042E2D1A256868780069F9F1 /* SkillExchangeIOSUITests */,
				042E2CFC256868770069F9F1 /* Products */,
			);
			sourceTree = "<group>";
		};
		042E2CFC256868770069F9F1 /* Products */ = {
			isa = PBXGroup;
			children = (
				042E2CFB256868770069F9F1 /* SkillExchangeIOS.app */,
				042E2D0C256868780069F9F1 /* SkillExchangeIOSTests.xctest */,
				042E2D17256868780069F9F1 /* SkillExchangeIOSUITests.xctest */,
			);
			name = Products;
			sourceTree = "<group>";
		};
		042E2CFD256868770069F9F1 /* SkillExchangeIOS */ = {
			isa = PBXGroup;
			children = (
				042E2D9E256881470069F9F1 /* Utilility */,
				042E2D4825686FD30069F9F1 /* LoginGroup */,
				042E2CFE256868770069F9F1 /* SkillExchangeIOSApp.swift */,
				042E2D00256868770069F9F1 /* ContentView.swift */,
				042E2D02256868770069F9F1 /* Assets.xcassets */,
				042E2D07256868770069F9F1 /* Info.plist */,
				042E2D04256868770069F9F1 /* Preview Content */,
			);
			path = SkillExchangeIOS;
			sourceTree = "<group>";
		};
		042E2D04256868770069F9F1 /* Preview Content */ = {
			isa = PBXGroup;
			children = (
				042E2D05256868770069F9F1 /* Preview Assets.xcassets */,
			);
			path = "Preview Content";
			sourceTree = "<group>";
		};
		042E2D0F256868780069F9F1 /* SkillExchangeIOSTests */ = {
			isa = PBXGroup;
			children = (
				042E2D10256868780069F9F1 /* SkillExchangeIOSTests.swift */,
				042E2D12256868780069F9F1 /* Info.plist */,
			);
			path = SkillExchangeIOSTests;
			sourceTree = "<group>";
		};
		042E2D1A256868780069F9F1 /* SkillExchangeIOSUITests */ = {
			isa = PBXGroup;
			children = (
				042E2D1B256868780069F9F1 /* SkillExchangeIOSUITests.swift */,
				042E2D1D256868780069F9F1 /* Info.plist */,
			);
			path = SkillExchangeIOSUITests;
			sourceTree = "<group>";
		};
		042E2D4825686FD30069F9F1 /* LoginGroup */ = {
			isa = PBXGroup;
			children = (
				042E2D4925686FFB0069F9F1 /* LoginView.swift */,
			);
			name = LoginGroup;
			sourceTree = "<group>";
		};
		042E2D9E256881470069F9F1 /* Utilility */ = {
			isa = PBXGroup;
			children = (
				042E2D9F2568815F0069F9F1 /* ViewUtility.swift */,
			);
			name = Utilility;
			sourceTree = "<group>";
		};
/* End PBXGroup section */

/* Begin PBXNativeTarget section */
		042E2CFA256868770069F9F1 /* SkillExchangeIOS */ = {
			isa = PBXNativeTarget;
			buildConfigurationList = 042E2D20256868780069F9F1 /* Build configuration list for PBXNativeTarget "SkillExchangeIOS" */;
			buildPhases = (
				042E2CF7256868770069F9F1 /* Sources */,
				042E2CF8256868770069F9F1 /* Frameworks */,
				042E2CF9256868770069F9F1 /* Resources */,
			);
			buildRules = (
			);
			dependencies = (
			);
			name = SkillExchangeIOS;
			productName = SkillExchangeIOS;
			productReference = 042E2CFB256868770069F9F1 /* SkillExchangeIOS.app */;
			productType = "com.apple.product-type.application";
		};
		042E2D0B256868780069F9F1 /* SkillExchangeIOSTests */ = {
			isa = PBXNativeTarget;
			buildConfigurationList = 042E2D23256868780069F9F1 /* Build configuration list for PBXNativeTarget "SkillExchangeIOSTests" */;
			buildPhases = (
				042E2D08256868780069F9F1 /* Sources */,
				042E2D09256868780069F9F1 /* Frameworks */,
				042E2D0A256868780069F9F1 /* Resources */,
			);
			buildRules = (
			);
			dependencies = (
				042E2D0E256868780069F9F1 /* PBXTargetDependency */,
			);
			name = SkillExchangeIOSTests;
			productName = SkillExchangeIOSTests;
			productReference = 042E2D0C256868780069F9F1 /* SkillExchangeIOSTests.xctest */;
			productType = "com.apple.product-type.bundle.unit-test";
		};
		042E2D16256868780069F9F1 /* SkillExchangeIOSUITests */ = {
			isa = PBXNativeTarget;
			buildConfigurationList = 042E2D26256868780069F9F1 /* Build configuration list for PBXNativeTarget "SkillExchangeIOSUITests" */;
			buildPhases = (
				042E2D13256868780069F9F1 /* Sources */,
				042E2D14256868780069F9F1 /* Frameworks */,
				042E2D15256868780069F9F1 /* Resources */,
			);
			buildRules = (
			);
			dependencies = (
				042E2D19256868780069F9F1 /* PBXTargetDependency */,
			);
			name = SkillExchangeIOSUITests;
			productName = SkillExchangeIOSUITests;
			productReference = 042E2D17256868780069F9F1 /* SkillExchangeIOSUITests.xctest */;
			productType = "com.apple.product-type.bundle.ui-testing";
		};
/* End PBXNativeTarget section */

/* Begin PBXProject section */
		042E2CF3256868770069F9F1 /* Project object */ = {
			isa = PBXProject;
			attributes = {
				LastSwiftUpdateCheck = 1220;
				LastUpgradeCheck = 1220;
				TargetAttributes = {
					042E2CFA256868770069F9F1 = {
						CreatedOnToolsVersion = 12.2;
					};
					042E2D0B256868780069F9F1 = {
						CreatedOnToolsVersion = 12.2;
						TestTargetID = 042E2CFA256868770069F9F1;
					};
					042E2D16256868780069F9F1 = {
						CreatedOnToolsVersion = 12.2;
						TestTargetID = 042E2CFA256868770069F9F1;
					};
				};
			};
			buildConfigurationList = 042E2CF6256868770069F9F1 /* Build configuration list for PBXProject "SkillExchangeIOS" */;
			compatibilityVersion = "Xcode 9.3";
			developmentRegion = en;
			hasScannedForEncodings = 0;
			knownRegions = (
				en,
				Base,
			);
			mainGroup = 042E2CF2256868770069F9F1;
			productRefGroup = 042E2CFC256868770069F9F1 /* Products */;
			projectDirPath = "";
			projectRoot = "";
			targets = (
				042E2CFA256868770069F9F1 /* SkillExchangeIOS */,
				042E2D0B256868780069F9F1 /* SkillExchangeIOSTests */,
				042E2D16256868780069F9F1 /* SkillExchangeIOSUITests */,
			);
		};
/* End PBXProject section */

/* Begin PBXResourcesBuildPhase section */
		042E2CF9256868770069F9F1 /* Resources */ = {
			isa = PBXResourcesBuildPhase;
			buildActionMask = 2147483647;
			files = (
				042E2D06256868770069F9F1 /* Preview Assets.xcassets in Resources */,
				042E2D03256868770069F9F1 /* Assets.xcassets in Resources */,
			);
			runOnlyForDeploymentPostprocessing = 0;
		};
		042E2D0A256868780069F9F1 /* Resources */ = {
			isa = PBXResourcesBuildPhase;
			buildActionMask = 2147483647;
			files = (
			);
			runOnlyForDeploymentPostprocessing = 0;
		};
		042E2D15256868780069F9F1 /* Resources */ = {
			isa = PBXResourcesBuildPhase;
			buildActionMask = 2147483647;
			files = (
			);
			runOnlyForDeploymentPostprocessing = 0;
		};
/* End PBXResourcesBuildPhase section */

/* Begin PBXSourcesBuildPhase section */
		042E2CF7256868770069F9F1 /* Sources */ = {
			isa = PBXSourcesBuildPhase;
			buildActionMask = 2147483647;
			files = (
				042E2D01256868770069F9F1 /* ContentView.swift in Sources */,
				042E2D4A25686FFB0069F9F1 /* LoginView.swift in Sources */,
				042E2CFF256868770069F9F1 /* SkillExchangeIOSApp.swift in Sources */,
				042E2DA02568815F0069F9F1 /* ViewUtility.swift in Sources */,
			);
			runOnlyForDeploymentPostprocessing = 0;
		};
		042E2D08256868780069F9F1 /* Sources */ = {
			isa = PBXSourcesBuildPhase;
			buildActionMask = 2147483647;
			files = (
				042E2D11256868780069F9F1 /* SkillExchangeIOSTests.swift in Sources */,
			);
			runOnlyForDeploymentPostprocessing = 0;
		};
		042E2D13256868780069F9F1 /* Sources */ = {
			isa = PBXSourcesBuildPhase;
			buildActionMask = 2147483647;
			files = (
				042E2D1C256868780069F9F1 /* SkillExchangeIOSUITests.swift in Sources */,
			);
			runOnlyForDeploymentPostprocessing = 0;
		};
/* End PBXSourcesBuildPhase section */

/* Begin PBXTargetDependency section */
		042E2D0E256868780069F9F1 /* PBXTargetDependency */ = {
			isa = PBXTargetDependency;
			target = 042E2CFA256868770069F9F1 /* SkillExchangeIOS */;
			targetProxy = 042E2D0D256868780069F9F1 /* PBXContainerItemProxy */;
		};
		042E2D19256868780069F9F1 /* PBXTargetDependency */ = {
			isa = PBXTargetDependency;
			target = 042E2CFA256868770069F9F1 /* SkillExchangeIOS */;
			targetProxy = 042E2D18256868780069F9F1 /* PBXContainerItemProxy */;
		};
/* End PBXTargetDependency section */

/* Begin XCBuildConfiguration section */
		042E2D1E256868780069F9F1 /* Debug */ = {
			isa = XCBuildConfiguration;
			buildSettings = {
				ALWAYS_SEARCH_USER_PATHS = NO;
				CLANG_ANALYZER_NONNULL = YES;
				CLANG_ANALYZER_NUMBER_OBJECT_CONVERSION = YES_AGGRESSIVE;
				CLANG_CXX_LANGUAGE_STANDARD = "gnu++14";
				CLANG_CXX_LIBRARY = "libc++";
				CLANG_ENABLE_MODULES = YES;
				CLANG_ENABLE_OBJC_ARC = YES;
				CLANG_ENABLE_OBJC_WEAK = YES;
				CLANG_WARN_BLOCK_CAPTURE_AUTORELEASING = YES;
				CLANG_WARN_BOOL_CONVERSION = YES;
				CLANG_WARN_COMMA = YES;
				CLANG_WARN_CONSTANT_CONVERSION = YES;
				CLANG_WARN_DEPRECATED_OBJC_IMPLEMENTATIONS = YES;
				CLANG_WARN_DIRECT_OBJC_ISA_USAGE = YES_ERROR;
				CLANG_WARN_DOCUMENTATION_COMMENTS = YES;
				CLANG_WARN_EMPTY_BODY = YES;
				CLANG_WARN_ENUM_CONVERSION = YES;
				CLANG_WARN_INFINITE_RECURSION = YES;
				CLANG_WARN_INT_CONVERSION = YES;
				CLANG_WARN_NON_LITERAL_NULL_CONVERSION = YES;
				CLANG_WARN_OBJC_IMPLICIT_RETAIN_SELF = YES;
				CLANG_WARN_OBJC_LITERAL_CONVERSION = YES;
				CLANG_WARN_OBJC_ROOT_CLASS = YES_ERROR;
				CLANG_WARN_QUOTED_INCLUDE_IN_FRAMEWORK_HEADER = YES;
				CLANG_WARN_RANGE_LOOP_ANALYSIS = YES;
				CLANG_WARN_STRICT_PROTOTYPES = YES;
				CLANG_WARN_SUSPICIOUS_MOVE = YES;
				CLANG_WARN_UNGUARDED_AVAILABILITY = YES_AGGRESSIVE;
				CLANG_WARN_UNREACHABLE_CODE = YES;
				CLANG_WARN__DUPLICATE_METHOD_MATCH = YES;
				COPY_PHASE_STRIP = NO;
				DEBUG_INFORMATION_FORMAT = dwarf;
				ENABLE_STRICT_OBJC_MSGSEND = YES;
				ENABLE_TESTABILITY = YES;
				GCC_C_LANGUAGE_STANDARD = gnu11;
				GCC_DYNAMIC_NO_PIC = NO;
				GCC_NO_COMMON_BLOCKS = YES;
				GCC_OPTIMIZATION_LEVEL = 0;
				GCC_PREPROCESSOR_DEFINITIONS = (
					"DEBUG=1",
					"$(inherited)",
				);
				GCC_WARN_64_TO_32_BIT_CONVERSION = YES;
				GCC_WARN_ABOUT_RETURN_TYPE = YES_ERROR;
				GCC_WARN_UNDECLARED_SELECTOR = YES;
				GCC_WARN_UNINITIALIZED_AUTOS = YES_AGGRESSIVE;
				GCC_WARN_UNUSED_FUNCTION = YES;
				GCC_WARN_UNUSED_VARIABLE = YES;
				IPHONEOS_DEPLOYMENT_TARGET = 14.2;
				MTL_ENABLE_DEBUG_INFO = INCLUDE_SOURCE;
				MTL_FAST_MATH = YES;
				ONLY_ACTIVE_ARCH = YES;
				SDKROOT = iphoneos;
				SWIFT_ACTIVE_COMPILATION_CONDITIONS = DEBUG;
				SWIFT_OPTIMIZATION_LEVEL = "-Onone";
			};
			name = Debug;
		};
		042E2D1F256868780069F9F1 /* Release */ = {
			isa = XCBuildConfiguration;
			buildSettings = {
				ALWAYS_SEARCH_USER_PATHS = NO;
				CLANG_ANALYZER_NONNULL = YES;
				CLANG_ANALYZER_NUMBER_OBJECT_CONVERSION = YES_AGGRESSIVE;
				CLANG_CXX_LANGUAGE_STANDARD = "gnu++14";
				CLANG_CXX_LIBRARY = "libc++";
				CLANG_ENABLE_MODULES = YES;
				CLANG_ENABLE_OBJC_ARC = YES;
				CLANG_ENABLE_OBJC_WEAK = YES;
				CLANG_WARN_BLOCK_CAPTURE_AUTORELEASING = YES;
				CLANG_WARN_BOOL_CONVERSION = YES;
				CLANG_WARN_COMMA = YES;
				CLANG_WARN_CONSTANT_CONVERSION = YES;
				CLANG_WARN_DEPRECATED_OBJC_IMPLEMENTATIONS = YES;
				CLANG_WARN_DIRECT_OBJC_ISA_USAGE = YES_ERROR;
				CLANG_WARN_DOCUMENTATION_COMMENTS = YES;
				CLANG_WARN_EMPTY_BODY = YES;
				CLANG_WARN_ENUM_CONVERSION = YES;
				CLANG_WARN_INFINITE_RECURSION = YES;
				CLANG_WARN_INT_CONVERSION = YES;
				CLANG_WARN_NON_LITERAL_NULL_CONVERSION = YES;
				CLANG_WARN_OBJC_IMPLICIT_RETAIN_SELF = YES;
				CLANG_WARN_OBJC_LITERAL_CONVERSION = YES;
				CLANG_WARN_OBJC_ROOT_CLASS = YES_ERROR;
				CLANG_WARN_QUOTED_INCLUDE_IN_FRAMEWORK_HEADER = YES;
				CLANG_WARN_RANGE_LOOP_ANALYSIS = YES;
				CLANG_WARN_STRICT_PROTOTYPES = YES;
				CLANG_WARN_SUSPICIOUS_MOVE = YES;
				CLANG_WARN_UNGUARDED_AVAILABILITY = YES_AGGRESSIVE;
				CLANG_WARN_UNREACHABLE_CODE = YES;
				CLANG_WARN__DUPLICATE_METHOD_MATCH = YES;
				COPY_PHASE_STRIP = NO;
				DEBUG_INFORMATION_FORMAT = "dwarf-with-dsym";
				ENABLE_NS_ASSERTIONS = NO;
				ENABLE_STRICT_OBJC_MSGSEND = YES;
				GCC_C_LANGUAGE_STANDARD = gnu11;
				GCC_NO_COMMON_BLOCKS = YES;
				GCC_WARN_64_TO_32_BIT_CONVERSION = YES;
				GCC_WARN_ABOUT_RETURN_TYPE = YES_ERROR;
				GCC_WARN_UNDECLARED_SELECTOR = YES;
				GCC_WARN_UNINITIALIZED_AUTOS = YES_AGGRESSIVE;
				GCC_WARN_UNUSED_FUNCTION = YES;
				GCC_WARN_UNUSED_VARIABLE = YES;
				IPHONEOS_DEPLOYMENT_TARGET = 14.2;
				MTL_ENABLE_DEBUG_INFO = NO;
				MTL_FAST_MATH = YES;
				SDKROOT = iphoneos;
				SWIFT_COMPILATION_MODE = wholemodule;
				SWIFT_OPTIMIZATION_LEVEL = "-O";
				VALIDATE_PRODUCT = YES;
			};
			name = Release;
		};
		042E2D21256868780069F9F1 /* Debug */ = {
			isa = XCBuildConfiguration;
			buildSettings = {
				ASSETCATALOG_COMPILER_APPICON_NAME = AppIcon;
				ASSETCATALOG_COMPILER_GLOBAL_ACCENT_COLOR_NAME = AccentColor;
				CODE_SIGN_STYLE = Automatic;
				DEVELOPMENT_ASSET_PATHS = "\"SkillExchangeIOS/Preview Content\"";
				DEVELOPMENT_TEAM = UXCXHH5G5H;
				ENABLE_PREVIEWS = YES;
				INFOPLIST_FILE = SkillExchangeIOS/Info.plist;
				IPHONEOS_DEPLOYMENT_TARGET = 14.0;
				LD_RUNPATH_SEARCH_PATHS = (
					"$(inherited)",
					"@executable_path/Frameworks",
				);
				PRODUCT_BUNDLE_IDENTIFIER = com.salam.SkillExchangeIOS;
				PRODUCT_NAME = "$(TARGET_NAME)";
				SWIFT_VERSION = 5.0;
				TARGETED_DEVICE_FAMILY = "1,2";
			};
			name = Debug;
		};
		042E2D22256868780069F9F1 /* Release */ = {
			isa = XCBuildConfiguration;
			buildSettings = {
				ASSETCATALOG_COMPILER_APPICON_NAME = AppIcon;
				ASSETCATALOG_COMPILER_GLOBAL_ACCENT_COLOR_NAME = AccentColor;
				CODE_SIGN_STYLE = Automatic;
				DEVELOPMENT_ASSET_PATHS = "\"SkillExchangeIOS/Preview Content\"";
				DEVELOPMENT_TEAM = UXCXHH5G5H;
				ENABLE_PREVIEWS = YES;
				INFOPLIST_FILE = SkillExchangeIOS/Info.plist;
				IPHONEOS_DEPLOYMENT_TARGET = 14.0;
				LD_RUNPATH_SEARCH_PATHS = (
					"$(inherited)",
					"@executable_path/Frameworks",
				);
				PRODUCT_BUNDLE_IDENTIFIER = com.salam.SkillExchangeIOS;
				PRODUCT_NAME = "$(TARGET_NAME)";
				SWIFT_VERSION = 5.0;
				TARGETED_DEVICE_FAMILY = "1,2";
			};
			name = Release;
		};
		042E2D24256868780069F9F1 /* Debug */ = {
			isa = XCBuildConfiguration;
			buildSettings = {
				ALWAYS_EMBED_SWIFT_STANDARD_LIBRARIES = YES;
				BUNDLE_LOADER = "$(TEST_HOST)";
				CODE_SIGN_STYLE = Automatic;
				DEVELOPMENT_TEAM = UXCXHH5G5H;
				INFOPLIST_FILE = SkillExchangeIOSTests/Info.plist;
				IPHONEOS_DEPLOYMENT_TARGET = 14.0;
				LD_RUNPATH_SEARCH_PATHS = (
					"$(inherited)",
					"@executable_path/Frameworks",
					"@loader_path/Frameworks",
				);
				PRODUCT_BUNDLE_IDENTIFIER = com.salam.SkillExchangeIOSTests;
				PRODUCT_NAME = "$(TARGET_NAME)";
				SWIFT_VERSION = 5.0;
				TARGETED_DEVICE_FAMILY = "1,2";
				TEST_HOST = "$(BUILT_PRODUCTS_DIR)/SkillExchangeIOS.app/SkillExchangeIOS";
			};
			name = Debug;
		};
		042E2D25256868780069F9F1 /* Release */ = {
			isa = XCBuildConfiguration;
			buildSettings = {
				ALWAYS_EMBED_SWIFT_STANDARD_LIBRARIES = YES;
				BUNDLE_LOADER = "$(TEST_HOST)";
				CODE_SIGN_STYLE = Automatic;
				DEVELOPMENT_TEAM = UXCXHH5G5H;
				INFOPLIST_FILE = SkillExchangeIOSTests/Info.plist;
				IPHONEOS_DEPLOYMENT_TARGET = 14.0;
				LD_RUNPATH_SEARCH_PATHS = (
					"$(inherited)",
					"@executable_path/Frameworks",
					"@loader_path/Frameworks",
				);
				PRODUCT_BUNDLE_IDENTIFIER = com.salam.SkillExchangeIOSTests;
				PRODUCT_NAME = "$(TARGET_NAME)";
				SWIFT_VERSION = 5.0;
				TARGETED_DEVICE_FAMILY = "1,2";
				TEST_HOST = "$(BUILT_PRODUCTS_DIR)/SkillExchangeIOS.app/SkillExchangeIOS";
			};
			name = Release;
		};
		042E2D27256868780069F9F1 /* Debug */ = {
			isa = XCBuildConfiguration;
			buildSettings = {
				ALWAYS_EMBED_SWIFT_STANDARD_LIBRARIES = YES;
				CODE_SIGN_STYLE = Automatic;
				DEVELOPMENT_TEAM = UXCXHH5G5H;
				INFOPLIST_FILE = SkillExchangeIOSUITests/Info.plist;
				LD_RUNPATH_SEARCH_PATHS = (
					"$(inherited)",
					"@executable_path/Frameworks",
					"@loader_path/Frameworks",
				);
				PRODUCT_BUNDLE_IDENTIFIER = com.salam.SkillExchangeIOSUITests;
				PRODUCT_NAME = "$(TARGET_NAME)";
				SWIFT_VERSION = 5.0;
				TARGETED_DEVICE_FAMILY = "1,2";
				TEST_TARGET_NAME = SkillExchangeIOS;
			};
			name = Debug;
		};
		042E2D28256868780069F9F1 /* Release */ = {
			isa = XCBuildConfiguration;
			buildSettings = {
				ALWAYS_EMBED_SWIFT_STANDARD_LIBRARIES = YES;
				CODE_SIGN_STYLE = Automatic;
				DEVELOPMENT_TEAM = UXCXHH5G5H;
				INFOPLIST_FILE = SkillExchangeIOSUITests/Info.plist;
				LD_RUNPATH_SEARCH_PATHS = (
					"$(inherited)",
					"@executable_path/Frameworks",
					"@loader_path/Frameworks",
				);
				PRODUCT_BUNDLE_IDENTIFIER = com.salam.SkillExchangeIOSUITests;
				PRODUCT_NAME = "$(TARGET_NAME)";
				SWIFT_VERSION = 5.0;
				TARGETED_DEVICE_FAMILY = "1,2";
				TEST_TARGET_NAME = SkillExchangeIOS;
			};
			name = Release;
		};
/* End XCBuildConfiguration section */

/* Begin XCConfigurationList section */
		042E2CF6256868770069F9F1 /* Build configuration list for PBXProject "SkillExchangeIOS" */ = {
			isa = XCConfigurationList;
			buildConfigurations = (
				042E2D1E256868780069F9F1 /* Debug */,
				042E2D1F256868780069F9F1 /* Release */,
			);
			defaultConfigurationIsVisible = 0;
			defaultConfigurationName = Release;
		};
		042E2D20256868780069F9F1 /* Build configuration list for PBXNativeTarget "SkillExchangeIOS" */ = {
			isa = XCConfigurationList;
			buildConfigurations = (
				042E2D21256868780069F9F1 /* Debug */,
				042E2D22256868780069F9F1 /* Release */,
			);
			defaultConfigurationIsVisible = 0;
			defaultConfigurationName = Release;
		};
		042E2D23256868780069F9F1 /* Build configuration list for PBXNativeTarget "SkillExchangeIOSTests" */ = {
			isa = XCConfigurationList;
			buildConfigurations = (
				042E2D24256868780069F9F1 /* Debug */,
				042E2D25256868780069F9F1 /* Release */,
			);
			defaultConfigurationIsVisible = 0;
			defaultConfigurationName = Release;
		};
		042E2D26256868780069F9F1 /* Build configuration list for PBXNativeTarget "SkillExchangeIOSUITests" */ = {
			isa = XCConfigurationList;
			buildConfigurations = (
				042E2D27256868780069F9F1 /* Debug */,
				042E2D28256868780069F9F1 /* Release */,
			);
			defaultConfigurationIsVisible = 0;
			defaultConfigurationName = Release;
		};
/* End XCConfigurationList section */
	};
	rootObject = 042E2CF3256868770069F9F1 /* Project object */;
}
